
Microsoft Visual Studio Solution File, Format Version 12.00
# Visual Studio Version 16
VisualStudioVersion = 16.0.29905.134
MinimumVisualStudioVersion = 10.0.40219.1
Project("{9A19103F-16F7-4668-BE54-9A1E7A4F7556}") = "testVeljkara", "testVeljkara\testVeljkara.csproj", "{AB14EB9E-9A09-4D1C-B2D8-5534D60A8172}"
EndProject
Project("{FAE04EC0-301F-11D3-BF4B-00C04F79EFBC}") = "Tests", "Tests\Tests.csproj", "{50AF3D98-83F7-4912-B1F1-3FE629B068DA}"
EndProject
Global
	GlobalSection(SolutionConfigurationPlatforms) = preSolution
		Debug|Any CPU = Debug|Any CPU
		Release|Any CPU = Release|Any CPU
	EndGlobalSection
	GlobalSection(ProjectConfigurationPlatforms) = postSolution
		{AB14EB9E-9A09-4D1C-B2D8-5534D60A8172}.Debug|Any CPU.ActiveCfg = Debug|Any CPU
		{AB14EB9E-9A09-4D1C-B2D8-5534D60A8172}.Debug|Any CPU.Build.0 = Debug|Any CPU
		{AB14EB9E-9A09-4D1C-B2D8-5534D60A8172}.Release|Any CPU.ActiveCfg = Release|Any CPU
		{AB14EB9E-9A09-4D1C-B2D8-5534D60A8172}.Release|Any CPU.Build.0 = Release|Any CPU
		{50AF3D98-83F7-4912-B1F1-3FE629B068DA}.Debug|Any CPU.ActiveCfg = Debug|Any CPU
		{50AF3D98-83F7-4912-B1F1-3FE629B068DA}.Debug|Any CPU.Build.0 = Debug|Any CPU
		{50AF3D98-83F7-4912-B1F1-3FE629B068DA}.Release|Any CPU.ActiveCfg = Release|Any CPU
		{50AF3D98-83F7-4912-B1F1-3FE629B068DA}.Release|Any CPU.Build.0 = Release|Any CPU
	EndGlobalSection
	GlobalSection(SolutionProperties) = preSolution
		HideSolutionNode = FALSE
	EndGlobalSection
	GlobalSection(ExtensibilityGlobals) = postSolution
		SolutionGuid = {B8F120CE-9991-49C5-BAF9-7922307D67BA}
	EndGlobalSection
EndGlobal
